
Microsoft Visual Studio Solution File, Format Version 12.00
# Visual Studio Version 17
VisualStudioVersion = 17.11.35222.181
MinimumVisualStudioVersion = 10.0.40219.1
Project("{FAE04EC0-301F-11D3-BF4B-00C04F79EFBC}") = "LineCheck", "LineCheck\LineCheck.csproj", "{D1DB7046-095C-488F-992B-914F3ADCE63B}"
EndProject
Project("{FAE04EC0-301F-11D3-BF4B-00C04F79EFBC}") = "LineCheck.Tests", "LineCheck.Tests\LineCheck.Tests.csproj", "{1F19560E-AEDB-4C33-AF43-60C81467D304}"
EndProject
Global
	GlobalSection(SolutionConfigurationPlatforms) = preSolution
		Debug|Any CPU = Debug|Any CPU
		Release|Any CPU = Release|Any CPU
	EndGlobalSection
	GlobalSection(ProjectConfigurationPlatforms) = postSolution
		{D1DB7046-095C-488F-992B-914F3ADCE63B}.Debug|Any CPU.ActiveCfg = Debug|Any CPU
		{D1DB7046-095C-488F-992B-914F3ADCE63B}.Debug|Any CPU.Build.0 = Debug|Any CPU
		{D1DB7046-095C-488F-992B-914F3ADCE63B}.Release|Any CPU.ActiveCfg = Release|Any CPU
		{D1DB7046-095C-488F-992B-914F3ADCE63B}.Release|Any CPU.Build.0 = Release|Any CPU
		{1F19560E-AEDB-4C33-AF43-60C81467D304}.Debug|Any CPU.ActiveCfg = Debug|Any CPU
		{1F19560E-AEDB-4C33-AF43-60C81467D304}.Debug|Any CPU.Build.0 = Debug|Any CPU
		{1F19560E-AEDB-4C33-AF43-60C81467D304}.Release|Any CPU.ActiveCfg = Release|Any CPU
		{1F19560E-AEDB-4C33-AF43-60C81467D304}.Release|Any CPU.Build.0 = Release|Any CPU
	EndGlobalSection
	GlobalSection(SolutionProperties) = preSolution
		HideSolutionNode = FALSE
	EndGlobalSection
	GlobalSection(ExtensibilityGlobals) = postSolution
		SolutionGuid = {39D8B8E7-C3C3-4279-829C-EB2F55C7FF3A}
	EndGlobalSection
EndGlobal
